Microsoft Visual Studio Solution File, Format Version 12.00
# Visual Studio Version 17
VisualStudioVersion = 17.5.2.0
MinimumVisualStudioVersion = 10.0.40219.1
Project("{2150E333-8FDC-42A3-9474-1A3956D46DE8}") = "WebApp", "WebApp", "{7E50A06F-A38B-7BE7-1137-409223B8AEF0}"
EndProject
Project("{2150E333-8FDC-42A3-9474-1A3956D46DE8}") = "backend", "backend", "{C0D77B32-1471-73FB-0E42-821A14C99D44}"
EndProject
Project("{FAE04EC0-301F-11D3-BF4B-00C04F79EFBC}") = "WebAppBackend", "WebApp\backend\WebAppBackend\WebAppBackend.csproj", "{1FE80E6E-42AB-4925-3468-B6EDBE59C159}"
EndProject
Global
	GlobalSection(SolutionConfigurationPlatforms) = preSolution
		Debug|Any CPU = Debug|Any CPU
		Release|Any CPU = Release|Any CPU
	EndGlobalSection
	GlobalSection(ProjectConfigurationPlatforms) = postSolution
		{1FE80E6E-42AB-4925-3468-B6EDBE59C159}.Debug|Any CPU.ActiveCfg = Debug|Any CPU
		{1FE80E6E-42AB-4925-3468-B6EDBE59C159}.Debug|Any CPU.Build.0 = Debug|Any CPU
		{1FE80E6E-42AB-4925-3468-B6EDBE59C159}.Release|Any CPU.ActiveCfg = Release|Any CPU
		{1FE80E6E-42AB-4925-3468-B6EDBE59C159}.Release|Any CPU.Build.0 = Release|Any CPU
	EndGlobalSection
	GlobalSection(SolutionProperties) = preSolution
		HideSolutionNode = FALSE
	EndGlobalSection
	GlobalSection(NestedProjects) = preSolution
		{C0D77B32-1471-73FB-0E42-821A14C99D44} = {7E50A06F-A38B-7BE7-1137-409223B8AEF0}
		{1FE80E6E-42AB-4925-3468-B6EDBE59C159} = {C0D77B32-1471-73FB-0E42-821A14C99D44}
	EndGlobalSection
	GlobalSection(ExtensibilityGlobals) = postSolution
		SolutionGuid = {AA7DBD4A-8A8B-41D0-8E04-EDC7D16E58B7}
	EndGlobalSection
EndGlobal
